<?xml version="1.0" encoding="utf-8"?>
<Project ToolsVersion="4.0" xmlns="http://schemas.microsoft.com/developer/msbuild/2003">
  <ItemGroup>
    <Filter Include="Source Files">
      <UniqueIdentifier>{4FC737F1-C7A5-4376-A066-2A32D752A2FF}</UniqueIdentifier>
      <Extensions>cpp;c;cc;cxx;c++;cppm;ixx;def;odl;idl;hpj;bat;asm;asmx</Extensions>
    </Filter>
    <Filter Include="Header Files">
      <UniqueIdentifier>{93995380-89BD-4b04-88EB-625FBE52EBFB}</UniqueIdentifier>
      <Extensions>h;hh;hpp;hxx;h++;hm;inl;inc;ipp;xsd</Extensions>
    </Filter>
    <Filter Include="Resource Files">
      <UniqueIdentifier>{67DA6AB6-F800-4c08-8B7A-83BB121AAD01}</UniqueIdentifier>
      <Extensions>rc;ico;cur;bmp;dlg;rc2;rct;bin;rgs;gif;jpg;jpeg;jpe;resx;tiff;tif;png;wav;mfcribbon-ms</Extensions>
    </Filter>
    <Filter Include="Header Files\API">
      <UniqueIdentifier>{d93e91b1-89dd-41a7-80f4-690c3f73c648}</UniqueIdentifier>
    </Filter>
    <Filter Include="Source Files\Board">
      <UniqueIdentifier>{ba6cff55-3b45-4122-a5a0-114c640162b0}</UniqueIdentifier>
    </Filter>
    <Filter Include="Source Files\Game">
      <UniqueIdentifier>{f1927bee-9572-44ad-87fc-a8c81ea2a031}</UniqueIdentifier>
    </Filter>
    <Filter Include="Header Files\Board">
      <UniqueIdentifier>{235390aa-7e25-4acc-b757-6089893d335d}</UniqueIdentifier>
    </Filter>
    <Filter Include="Header Files\Game">
      <UniqueIdentifier>{7e5bd230-40f0-480e-95c4-5d1f1a0eadd9}</UniqueIdentifier>
    </Filter>
    <Filter Include="Header Files\Piece">
      <UniqueIdentifier>{daabed86-546c-4243-92bb-dc15f49608da}</UniqueIdentifier>
    </Filter>
    <Filter Include="Header Files\Piece\Pieces">
      <UniqueIdentifier>{ab88318c-6f8f-4168-b334-efb9ddaf1fc3}</UniqueIdentifier>
    </Filter>
    <Filter Include="Source Files\Piece">
      <UniqueIdentifier>{1219802d-7375-4e4e-916a-d2953a5f7285}</UniqueIdentifier>
    </Filter>
    <Filter Include="Source Files\Piece\Pieces">
      <UniqueIdentifier>{4ddb92c4-45f0-4df0-8891-dbc49d7ec2f3}</UniqueIdentifier>
    </Filter>
    <Filter Include="Source Files\Exception">
      <UniqueIdentifier>{babb8ce1-3eff-4e2b-b89a-12636d9d3a73}</UniqueIdentifier>
    </Filter>
    <Filter Include="Header Files\Exception">
      <UniqueIdentifier>{17f38fc0-0f58-47f0-8944-ea6f6ebec7cd}</UniqueIdentifier>
    </Filter>
  </ItemGroup>
  <ItemGroup>
    <ClInclude Include="Bishop.h">
      <Filter>Header Files\Piece\Pieces</Filter>
    </ClInclude>
    <ClInclude Include="Pawn.h">
      <Filter>Header Files\Piece\Pieces</Filter>
    </ClInclude>
    <ClInclude Include="Queen.h">
      <Filter>Header Files\Piece\Pieces</Filter>
    </ClInclude>
    <ClInclude Include="King.h">
      <Filter>Header Files\Piece\Pieces</Filter>
    </ClInclude>
    <ClInclude Include="Rook.h">
      <Filter>Header Files\Piece\Pieces</Filter>
    </ClInclude>
    <ClInclude Include="Horse.h">
      <Filter>Header Files\Piece\Pieces</Filter>
    </ClInclude>
    <ClInclude Include="Board.h">
      <Filter>Header Files\Board</Filter>
    </ClInclude>
    <ClInclude Include="Game.h">
      <Filter>Header Files\Game</Filter>
    </ClInclude>
    <ClInclude Include="Piece.h">
      <Filter>Header Files\Piece</Filter>
    </ClInclude>
    <ClInclude Include="IGame.h">
      <Filter>Header Files\API</Filter>
    </ClInclude>
    <ClInclude Include="OutOfBoundsException.h">
      <Filter>Header Files\Exception</Filter>
    </ClInclude>
    <ClInclude Include="IllegalMoveException.h">
      <Filter>Header Files\Exception</Filter>
    </ClInclude>
    <ClInclude Include="EmptyPositionException.h">
      <Filter>Header Files\Exception</Filter>
    </ClInclude>
    <ClInclude Include="ChessException.h">
      <Filter>Header Files\Exception</Filter>
    </ClInclude>
    <ClInclude Include="IPiece.h">
      <Filter>Header Files\API</Filter>
    </ClInclude>
    <ClInclude Include="PieceNotFoundException.h">
      <Filter>Header Files\Exception</Filter>
    </ClInclude>
  </ItemGroup>
  <ItemGroup>
    <ClCompile Include="Pawn.cpp">
      <Filter>Source Files\Piece\Pieces</Filter>
    </ClCompile>
    <ClCompile Include="Queen.cpp">
      <Filter>Source Files\Piece\Pieces</Filter>
    </ClCompile>
    <ClCompile Include="Horse.cpp">
      <Filter>Source Files\Piece\Pieces</Filter>
    </ClCompile>
    <ClCompile Include="King.cpp">
      <Filter>Source Files\Piece\Pieces</Filter>
    </ClCompile>
    <ClCompile Include="Rook.cpp">
      <Filter>Source Files\Piece\Pieces</Filter>
    </ClCompile>
    <ClCompile Include="Bishop.cpp">
      <Filter>Source Files\Piece\Pieces</Filter>
    </ClCompile>
    <ClCompile Include="Board.cpp">
      <Filter>Source Files\Board</Filter>
    </ClCompile>
    <ClCompile Include="Game.cpp">
      <Filter>Source Files\Game</Filter>
    </ClCompile>
    <ClCompile Include="Piece.cpp">
      <Filter>Source Files\Piece</Filter>
    </ClCompile>
    <ClCompile Include="OutOfBoundsException.cpp">
      <Filter>Source Files\Exception</Filter>
    </ClCompile>
    <ClCompile Include="IllegalMoveException.cpp">
      <Filter>Source Files\Exception</Filter>
    </ClCompile>
    <ClCompile Include="EmptyPositionException.cpp">
      <Filter>Source Files\Exception</Filter>
    </ClCompile>
    <ClCompile Include="PieceNotFoundException.cpp">
      <Filter>Source Files\Exception</Filter>
    </ClCompile>
    <ClCompile Include="ChessException.cpp">
      <Filter>Source Files\Exception</Filter>
    </ClCompile>
  </ItemGroup>
</Project>